%{
  "argon2_elixir": {:hex, :argon2_elixir, "2.1.2", "c276b960f0b550a7613a9bebf8e14645ca5eb71a34a1bf0f896fe3511966b051", [:make, :mix], [{:comeonin, "~> 5.1", [hex: :comeonin, repo: "hexpm", optional: false]}, {:elixir_make, "~> 0.5", [hex: :elixir_make, repo: "hexpm", optional: false]}], "hexpm"},
  "bamboo": {:hex, :bamboo, "1.1.0", "ecbdc851d0127d369957e5ca7bcfb4c7fe7dbfaf4fa0b2e5cc2493dd8a9a600e", [:mix], [{:hackney, ">= 1.13.0", [hex: :hackney, optional: false]}, {:plug, "~> 1.0", [hex: :plug, optional: false]}, {:poison, ">= 1.5.0", [hex: :poison, optional: false]}]},
  "bamboo_smtp": {:hex, :bamboo_smtp, "1.6.0", "0a3607b77f22554af58c547350c1c73ebba6f4fb2c4bd0b11713ab5b4081588f", [:mix], [{:bamboo, "~> 1.0", [hex: :bamboo, optional: false]}, {:gen_smtp, "~> 0.12.0", [hex: :gen_smtp, optional: false]}]},
  "certifi": {:hex, :certifi, "2.4.2", "75424ff0f3baaccfd34b1214184b6ef616d89e420b258bb0a5ea7d7bc628f7f0", [:rebar3], [{:parse_trans, "~>3.3", [hex: :parse_trans, optional: false]}]},
  "comeonin": {:hex, :comeonin, "5.2.0", "d0277415a4b887f7a5f418be78776e5dacf1b005105913f075d301c0da3b5311", [:mix], [], "hexpm"},
  "connection": {:hex, :connection, "1.0.4", "a1cae72211f0eef17705aaededacac3eb30e6625b04a6117c1b2db6ace7d5976", [:mix], []},
  "cowboy": {:hex, :cowboy, "2.7.0", "91ed100138a764355f43316b1d23d7ff6bdb0de4ea618cb5d8677c93a7a2f115", [:rebar3], [{:cowlib, "~> 2.8.0", [hex: :cowlib, repo: "hexpm", optional: false]}, {:ranch, "~> 1.7.1", [hex: :ranch, repo: "hexpm", optional: false]}], "hexpm"},
  "cowlib": {:hex, :cowlib, "2.8.0", "fd0ff1787db84ac415b8211573e9a30a3ebe71b5cbff7f720089972b2319c8a4", [:rebar3], [], "hexpm"},
  "db_connection": {:hex, :db_connection, "2.2.0", "e923e88887cd60f9891fd324ac5e0290954511d090553c415fbf54be4c57ee63", [:mix], [{:connection, "~> 1.0.2", [hex: :connection, repo: "hexpm", optional: false]}], "hexpm"},
  "decimal": {:hex, :decimal, "1.8.1", "a4ef3f5f3428bdbc0d35374029ffcf4ede8533536fa79896dd450168d9acdf3c", [:mix], [], "hexpm"},
  "ecto": {:hex, :ecto, "3.3.2", "002aa428c752a8ee4bb65baa9d1041f0514d7435d2e21d58cb6aa69a1076721d", [:mix], [{:decimal, "~> 1.6 or ~> 2.0", [hex: :decimal, repo: "hexpm", optional: false]}, {:jason, "~> 1.0", [hex: :jason, repo: "hexpm", optional: true]}], "hexpm"},
  "ecto_sql": {:hex, :ecto_sql, "3.3.3", "7d8962d39f16181c1df1bbd0f64aa392bd9ce0b9f8ff5ff21d43dca3d624eee7", [:mix], [{:db_connection, "~> 2.2", [hex: :db_connection, repo: "hexpm", optional: false]}, {:ecto, "~> 3.4 or ~> 3.3.2", [hex: :ecto, repo: "hexpm", optional: false]}, {:myxql, "~> 0.3.0", [hex: :myxql, repo: "hexpm", optional: true]}, {:postgrex, "~> 0.15.0", [hex: :postgrex, repo: "hexpm", optional: true]}, {:telemetry, "~> 0.4.0", [hex: :telemetry, repo: "hexpm", optional: false]}], "hexpm"},
  "elixir_make": {:hex, :elixir_make, "0.6.0", "38349f3e29aff4864352084fc736fa7fa0f2995a819a737554f7ebd28b85aaab", [:mix], [], "hexpm"},
  "excoveralls": {:hex, :excoveralls, "0.10.3", "b090a3fbcb3cfa136f0427d038c92a9051f840953ec11b40ee74d9d4eac04d1e", [:mix], [{:hackney, "~> 1.13", [hex: :hackney, optional: false]}, {:jason, "~> 1.0", [hex: :jason, optional: false]}]},
  "fields": {:hex, :fields, "2.2.0", "6e52310411e244d9e2faaa399a78b829a6304634bba527ee45b18da2f557984e", [:mix], [{:argon2_elixir, "~> 2.1.2", [hex: :argon2_elixir, repo: "hexpm", optional: false]}, {:ecto, "~> 3.3.1", [hex: :ecto, repo: "hexpm", optional: false]}, {:html_sanitize_ex, "~> 1.4", [hex: :html_sanitize_ex, repo: "hexpm", optional: false]}], "hexpm"},
  "file_system": {:hex, :file_system, "0.2.6", "fd4dc3af89b9ab1dc8ccbcc214a0e60c41f34be251d9307920748a14bf41f1d3", [:mix], []},
  "gen_smtp": {:hex, :gen_smtp, "0.12.0", "97d44903f5ca18ca85cb39aee7d9c77e98d79804bbdef56078adcf905cb2ef00", [:rebar3], []},
  "gettext": {:hex, :gettext, "0.16.1", "e2130b25eebcbe02bb343b119a07ae2c7e28bd4b146c4a154da2ffb2b3507af2", [:mix], []},
  "hackney": {:hex, :hackney, "1.15.0", "287a5d2304d516f63e56c469511c42b016423bcb167e61b611f6bad47e3ca60e", [:rebar3], [{:certifi, "2.4.2", [hex: :certifi, optional: false]}, {:idna, "6.0.0", [hex: :idna, optional: false]}, {:metrics, "1.0.1", [hex: :metrics, optional: false]}, {:mimerl, "1.0.2", [hex: :mimerl, optional: false]}, {:ssl_verify_fun, "1.1.4", [hex: :ssl_verify_fun, optional: false]}]},
  "html_sanitize_ex": {:hex, :html_sanitize_ex, "1.4.0", "0310d27d7bafb662f30bff22ec732a72414799c83eaf44239781fd23b96216c0", [:mix], [{:mochiweb, "~> 2.15", [hex: :mochiweb, repo: "hexpm", optional: false]}], "hexpm"},
  "httpoison": {:hex, :httpoison, "0.13.0", "bfaf44d9f133a6599886720f3937a7699466d23bb0cd7a88b6ba011f53c6f562", [:mix], [{:hackney, "~> 1.8", [hex: :hackney, repo: "hexpm", optional: false]}], "hexpm"},
  "idna": {:hex, :idna, "6.0.0", "689c46cbcdf3524c44d5f3dde8001f364cd7608a99556d8fbd8239a5798d4c10", [:rebar3], [{:unicode_util_compat, "0.4.1", [hex: :unicode_util_compat, optional: false]}]},
  "jason": {:hex, :jason, "1.1.2", "b03dedea67a99223a2eaf9f1264ce37154564de899fd3d8b9a21b1a6fd64afe7", [:mix], [{:decimal, "~> 1.0", [hex: :decimal, optional: true]}]},
  "meck": {:hex, :meck, "0.8.12", "1f7b1a9f5d12c511848fec26bbefd09a21e1432eadb8982d9a8aceb9891a3cf2", [:rebar3], []},
  "metrics": {:hex, :metrics, "1.0.1", "25f094dea2cda98213cecc3aeff09e940299d950904393b2a29d191c346a8486", [:rebar3], []},
  "mime": {:hex, :mime, "1.3.1", "30ce04ab3175b6ad0bdce0035cba77bba68b813d523d1aac73d9781b4d193cf8", [:mix], []},
  "mimerl": {:hex, :mimerl, "1.0.2", "993f9b0e084083405ed8252b99460c4f0563e41729ab42d9074fd5e52439be88", [:rebar3], []},
  "mochiweb": {:hex, :mochiweb, "2.18.0", "eb55f1db3e6e960fac4e6db4e2db9ec3602cc9f30b86cd1481d56545c3145d2e", [:rebar3], [], "hexpm"},
  "mock": {:hex, :mock, "0.2.1", "bfdba786903e77f9c18772dee472d020ceb8ef000783e737725a4c8f54ad28ec", [:mix], [{:meck, "~> 0.8.2", [hex: :meck, optional: false]}]},
  "parse_trans": {:hex, :parse_trans, "3.3.0", "09765507a3c7590a784615cfd421d101aec25098d50b89d7aa1d66646bc571c1", [:rebar3], []},
  "phoenix": {:hex, :phoenix, "1.4.12", "b86fa85a2ba336f5de068549de5ccceec356fd413264a9637e7733395d6cc4ea", [:mix], [{:jason, "~> 1.0", [hex: :jason, repo: "hexpm", optional: true]}, {:phoenix_pubsub, "~> 1.1", [hex: :phoenix_pubsub, repo: "hexpm", optional: false]}, {:plug, "~> 1.8.1 or ~> 1.9", [hex: :plug, repo: "hexpm", optional: false]}, {:plug_cowboy, "~> 1.0 or ~> 2.0", [hex: :plug_cowboy, repo: "hexpm", optional: true]}, {:telemetry, "~> 0.4", [hex: :telemetry, repo: "hexpm", optional: false]}], "hexpm"},
  "phoenix_ecto": {:hex, :phoenix_ecto, "4.0.0", "c43117a136e7399ea04ecaac73f8f23ee0ffe3e07acfcb8062fe5f4c9f0f6531", [:mix], [{:ecto, "~> 3.0", [hex: :ecto, optional: false]}, {:phoenix_html, "~> 2.9", [hex: :phoenix_html, optional: true]}, {:plug, "~> 1.0", [hex: :plug, optional: false]}]},
  "phoenix_html": {:hex, :phoenix_html, "2.13.0", "3bad10de5efb6c590f7aa5b316ad0d3faa054715414c9b562c410de4ffb885c5", [:mix], [{:plug, "~> 1.5", [hex: :plug, optional: false]}]},
  "phoenix_live_reload": {:hex, :phoenix_live_reload, "1.2.0", "3bb31a9fbd40ffe8652e60c8660dffd72dd231efcdf49b744fb75b9ef7db5dd2", [:mix], [{:file_system, "~> 0.2.1 or ~> 0.3", [hex: :file_system, optional: false]}, {:phoenix, "~> 1.4", [hex: :phoenix, optional: false]}]},
  "phoenix_pubsub": {:hex, :phoenix_pubsub, "1.1.2", "496c303bdf1b2e98a9d26e89af5bba3ab487ba3a3735f74bf1f4064d2a845a3e", [:mix], [], "hexpm"},
  "plug": {:hex, :plug, "1.8.3", "12d5f9796dc72e8ac9614e94bda5e51c4c028d0d428e9297650d09e15a684478", [:mix], [{:mime, "~> 1.0", [hex: :mime, repo: "hexpm", optional: false]}, {:plug_crypto, "~> 1.0", [hex: :plug_crypto, repo: "hexpm", optional: false]}, {:telemetry, "~> 0.4", [hex: :telemetry, repo: "hexpm", optional: true]}], "hexpm"},
  "plug_cowboy": {:hex, :plug_cowboy, "2.1.2", "8b0addb5908c5238fac38e442e81b6fcd32788eaa03246b4d55d147c47c5805e", [:mix], [{:cowboy, "~> 2.5", [hex: :cowboy, repo: "hexpm", optional: false]}, {:plug, "~> 1.7", [hex: :plug, repo: "hexpm", optional: false]}], "hexpm"},
  "plug_crypto": {:hex, :plug_crypto, "1.0.0", "18e49317d3fa343f24620ed22795ec29d4a5e602d52d1513ccea0b07d8ea7d4d", [:mix], []},
  "poison": {:hex, :poison, "3.1.0", "d9eb636610e096f86f25d9a46f35a9facac35609a7591b3be3326e99a0484665", [:mix], []},
  "postgrex": {:hex, :postgrex, "0.15.3", "5806baa8a19a68c4d07c7a624ccdb9b57e89cbc573f1b98099e3741214746ae4", [:mix], [{:connection, "~> 1.0", [hex: :connection, repo: "hexpm", optional: false]}, {:db_connection, "~> 2.1", [hex: :db_connection, repo: "hexpm", optional: false]}, {:decimal, "~> 1.5", [hex: :decimal, repo: "hexpm", optional: false]}, {:jason, "~> 1.0", [hex: :jason, repo: "hexpm", optional: true]}], "hexpm"},
  "ranch": {:hex, :ranch, "1.7.1", "6b1fab51b49196860b733a49c07604465a47bdb78aa10c1c16a3d199f7f8c881", [:rebar3], []},
  "ssl_verify_fun": {:hex, :ssl_verify_fun, "1.1.4", "f0eafff810d2041e93f915ef59899c923f4568f4585904d010387ed74988e77b", [:make, :mix, :rebar3], []},
  "telemetry": {:hex, :telemetry, "0.4.1", "ae2718484892448a24470e6aa341bc847c3277bfb8d4e9289f7474d752c09c7f", [:rebar3], [], "hexpm"},
  "ueberauth": {:hex, :ueberauth, "0.5.0", "4570ec94d7f784dc4c4aa94c83391dbd9b9bd7b66baa30e95a666c5ec1b168b1", [:mix], [{:plug, "~> 1.2", [hex: :plug, optional: false]}]},
  "ueberauth_identity": {:hex, :ueberauth_identity, "0.2.3", "216f18ca24347f6b3dd0e5f4342b6fef7a4027fad0d133f1c454d51b7eaac55b", [:mix], [{:plug, "~> 1.0", [hex: :plug, optional: false]}, {:ueberauth, "~> 0.2", [hex: :ueberauth, optional: false]}]},
  "unicode_util_compat": {:hex, :unicode_util_compat, "0.4.1", "d869e4c68901dd9531385bb0c8c40444ebf624e60b6962d95952775cac5e90cd", [:rebar3], []},
}
